
Microsoft Visual Studio Solution File, Format Version 12.00
# Visual Studio 2013
VisualStudioVersion = 12.0.30723.0
MinimumVisualStudioVersion = 10.0.40219.1
Project("{FAE04EC0-301F-11D3-BF4B-00C04F79EFBC}") = "Compiler", "Source\Compiler\Compiler.csproj", "{8823091C-387F-4F4D-ABCD-8F71D1528CBB}"
EndProject
Project("{F2A71F9B-5D33-465A-A702-920D77279786}") = "SafetySharp", "Source\SafetySharp\SafetySharp.fsproj", "{18DFC311-4633-4B22-AB2F-FF42901C6438}"
EndProject
Project("{F2A71F9B-5D33-465A-A702-920D77279786}") = "SafetySharp Tests", "Tests\SafetySharp\SafetySharp Tests.fsproj", "{ACDBA456-3B21-480D-B739-DCC7EAE6D233}"
EndProject
Project("{F2A71F9B-5D33-465A-A702-920D77279786}") = "CSharp Tests", "Tests\CSharp\CSharp Tests.fsproj", "{A52B489B-5B02-4FF3-B335-171C4C92C2DC}"
EndProject
Project("{F2A71F9B-5D33-465A-A702-920D77279786}") = "Model Checking Tests", "Tests\Model Checking\Model Checking Tests.fsproj", "{38BAA192-42C4-44C2-AD10-AB8EABF7BADD}"
EndProject
Project("{2150E333-8FDC-42A3-9474-1A3956D46DE8}") = "Tests", "Tests", "{17ADA692-CD6C-4F50-84FD-008F09179BC8}"
EndProject
Project("{2150E333-8FDC-42A3-9474-1A3956D46DE8}") = "Source", "Source", "{C5F3E271-22DA-4FD8-A830-7E0A8BFD430F}"
EndProject
Project("{FAE04EC0-301F-11D3-BF4B-00C04F79EFBC}") = "CSharp", "Source\CSharp\CSharp.csproj", "{24C31B36-8ED2-4A2A-AC73-6539EC8CAE63}"
EndProject
Global
	GlobalSection(SolutionConfigurationPlatforms) = preSolution
		Debug|Any CPU = Debug|Any CPU
		Release|Any CPU = Release|Any CPU
	EndGlobalSection
	GlobalSection(ProjectConfigurationPlatforms) = postSolution
		{8823091C-387F-4F4D-ABCD-8F71D1528CBB}.Debug|Any CPU.ActiveCfg = Debug|Any CPU
		{8823091C-387F-4F4D-ABCD-8F71D1528CBB}.Debug|Any CPU.Build.0 = Debug|Any CPU
		{8823091C-387F-4F4D-ABCD-8F71D1528CBB}.Release|Any CPU.ActiveCfg = Release|Any CPU
		{8823091C-387F-4F4D-ABCD-8F71D1528CBB}.Release|Any CPU.Build.0 = Release|Any CPU
		{18DFC311-4633-4B22-AB2F-FF42901C6438}.Debug|Any CPU.ActiveCfg = Debug|Any CPU
		{18DFC311-4633-4B22-AB2F-FF42901C6438}.Debug|Any CPU.Build.0 = Debug|Any CPU
		{18DFC311-4633-4B22-AB2F-FF42901C6438}.Release|Any CPU.ActiveCfg = Release|Any CPU
		{18DFC311-4633-4B22-AB2F-FF42901C6438}.Release|Any CPU.Build.0 = Release|Any CPU
		{ACDBA456-3B21-480D-B739-DCC7EAE6D233}.Debug|Any CPU.ActiveCfg = Debug|Any CPU
		{ACDBA456-3B21-480D-B739-DCC7EAE6D233}.Debug|Any CPU.Build.0 = Debug|Any CPU
		{ACDBA456-3B21-480D-B739-DCC7EAE6D233}.Release|Any CPU.ActiveCfg = Release|Any CPU
		{ACDBA456-3B21-480D-B739-DCC7EAE6D233}.Release|Any CPU.Build.0 = Release|Any CPU
		{A52B489B-5B02-4FF3-B335-171C4C92C2DC}.Debug|Any CPU.ActiveCfg = Debug|Any CPU
		{A52B489B-5B02-4FF3-B335-171C4C92C2DC}.Debug|Any CPU.Build.0 = Debug|Any CPU
		{A52B489B-5B02-4FF3-B335-171C4C92C2DC}.Release|Any CPU.ActiveCfg = Release|Any CPU
		{A52B489B-5B02-4FF3-B335-171C4C92C2DC}.Release|Any CPU.Build.0 = Release|Any CPU
		{38BAA192-42C4-44C2-AD10-AB8EABF7BADD}.Debug|Any CPU.ActiveCfg = Debug|Any CPU
		{38BAA192-42C4-44C2-AD10-AB8EABF7BADD}.Debug|Any CPU.Build.0 = Debug|Any CPU
		{38BAA192-42C4-44C2-AD10-AB8EABF7BADD}.Release|Any CPU.ActiveCfg = Release|Any CPU
		{38BAA192-42C4-44C2-AD10-AB8EABF7BADD}.Release|Any CPU.Build.0 = Release|Any CPU
		{24C31B36-8ED2-4A2A-AC73-6539EC8CAE63}.Debug|Any CPU.ActiveCfg = Debug|Any CPU
		{24C31B36-8ED2-4A2A-AC73-6539EC8CAE63}.Debug|Any CPU.Build.0 = Debug|Any CPU
		{24C31B36-8ED2-4A2A-AC73-6539EC8CAE63}.Release|Any CPU.ActiveCfg = Release|Any CPU
		{24C31B36-8ED2-4A2A-AC73-6539EC8CAE63}.Release|Any CPU.Build.0 = Release|Any CPU
	EndGlobalSection
	GlobalSection(SolutionProperties) = preSolution
		HideSolutionNode = FALSE
	EndGlobalSection
	GlobalSection(NestedProjects) = preSolution
		{8823091C-387F-4F4D-ABCD-8F71D1528CBB} = {C5F3E271-22DA-4FD8-A830-7E0A8BFD430F}
		{18DFC311-4633-4B22-AB2F-FF42901C6438} = {C5F3E271-22DA-4FD8-A830-7E0A8BFD430F}
		{ACDBA456-3B21-480D-B739-DCC7EAE6D233} = {17ADA692-CD6C-4F50-84FD-008F09179BC8}
		{A52B489B-5B02-4FF3-B335-171C4C92C2DC} = {17ADA692-CD6C-4F50-84FD-008F09179BC8}
		{38BAA192-42C4-44C2-AD10-AB8EABF7BADD} = {17ADA692-CD6C-4F50-84FD-008F09179BC8}
		{24C31B36-8ED2-4A2A-AC73-6539EC8CAE63} = {C5F3E271-22DA-4FD8-A830-7E0A8BFD430F}
	EndGlobalSection
EndGlobal
