
Microsoft Visual Studio Solution File, Format Version 12.00
# Visual Studio 14
VisualStudioVersion = 14.0.22823.1
MinimumVisualStudioVersion = 10.0.40219.1
Project("{FAE04EC0-301F-11D3-BF4B-00C04F79EFBC}") = "Elbtunnel", "Elbtunnel\Elbtunnel.csproj", "{6AE088BD-212E-4F38-96A1-B16C4F95D243}"
	ProjectSection(ProjectDependencies) = postProject
		{8823091C-387F-4F4D-ABCD-8F71D1528CBB} = {8823091C-387F-4F4D-ABCD-8F71D1528CBB}
	EndProjectSection
EndProject
Project("{FAE04EC0-301F-11D3-BF4B-00C04F79EFBC}") = "SharedComponents", "SharedComponents\SharedComponents.csproj", "{C7377EF7-E8FE-4864-802F-B2DAB535D20C}"
	ProjectSection(ProjectDependencies) = postProject
		{8823091C-387F-4F4D-ABCD-8F71D1528CBB} = {8823091C-387F-4F4D-ABCD-8F71D1528CBB}
	EndProjectSection
EndProject
Project("{FAE04EC0-301F-11D3-BF4B-00C04F79EFBC}") = "PressureTank", "PressureTank\PressureTank.csproj", "{2834343C-5D3A-4673-9F58-F869F4E3CC01}"
	ProjectSection(ProjectDependencies) = postProject
		{8823091C-387F-4F4D-ABCD-8F71D1528CBB} = {8823091C-387F-4F4D-ABCD-8F71D1528CBB}
	EndProjectSection
EndProject
Project("{2150E333-8FDC-42A3-9474-1A3956D46DE8}") = "SafetySharp", "SafetySharp", "{9CC25B95-7099-4C11-BAA7-FB9B50E7E899}"
EndProject
Project("{F2A71F9B-5D33-465A-A702-920D77279786}") = "SafetySharp", "..\Source\SafetySharp\SafetySharp.fsproj", "{18DFC311-4633-4B22-AB2F-FF42901C6438}"
EndProject
Project("{FAE04EC0-301F-11D3-BF4B-00C04F79EFBC}") = "Compiler", "..\Source\Compiler\Compiler.csproj", "{8823091C-387F-4F4D-ABCD-8F71D1528CBB}"
EndProject
Project("{FAE04EC0-301F-11D3-BF4B-00C04F79EFBC}") = "Visualization", "Visualization\Visualization.csproj", "{C0ED19A4-1362-49E4-9721-AAFCF012710A}"
EndProject
Project("{FAE04EC0-301F-11D3-BF4B-00C04F79EFBC}") = "Runtime", "..\Source\Runtime\Runtime.csproj", "{9B6C1FB4-3F1B-43AC-A0E0-EAED4088BF37}"
EndProject
Global
	GlobalSection(SolutionConfigurationPlatforms) = preSolution
		Debug|Any CPU = Debug|Any CPU
		Release|Any CPU = Release|Any CPU
	EndGlobalSection
	GlobalSection(ProjectConfigurationPlatforms) = postSolution
		{6AE088BD-212E-4F38-96A1-B16C4F95D243}.Debug|Any CPU.ActiveCfg = Debug|Any CPU
		{6AE088BD-212E-4F38-96A1-B16C4F95D243}.Debug|Any CPU.Build.0 = Debug|Any CPU
		{6AE088BD-212E-4F38-96A1-B16C4F95D243}.Release|Any CPU.ActiveCfg = Release|Any CPU
		{6AE088BD-212E-4F38-96A1-B16C4F95D243}.Release|Any CPU.Build.0 = Release|Any CPU
		{C7377EF7-E8FE-4864-802F-B2DAB535D20C}.Debug|Any CPU.ActiveCfg = Debug|Any CPU
		{C7377EF7-E8FE-4864-802F-B2DAB535D20C}.Debug|Any CPU.Build.0 = Debug|Any CPU
		{C7377EF7-E8FE-4864-802F-B2DAB535D20C}.Release|Any CPU.ActiveCfg = Release|Any CPU
		{C7377EF7-E8FE-4864-802F-B2DAB535D20C}.Release|Any CPU.Build.0 = Release|Any CPU
		{2834343C-5D3A-4673-9F58-F869F4E3CC01}.Debug|Any CPU.ActiveCfg = Debug|Any CPU
		{2834343C-5D3A-4673-9F58-F869F4E3CC01}.Debug|Any CPU.Build.0 = Debug|Any CPU
		{2834343C-5D3A-4673-9F58-F869F4E3CC01}.Release|Any CPU.ActiveCfg = Release|Any CPU
		{2834343C-5D3A-4673-9F58-F869F4E3CC01}.Release|Any CPU.Build.0 = Release|Any CPU
		{18DFC311-4633-4B22-AB2F-FF42901C6438}.Debug|Any CPU.ActiveCfg = Debug|Any CPU
		{18DFC311-4633-4B22-AB2F-FF42901C6438}.Debug|Any CPU.Build.0 = Debug|Any CPU
		{18DFC311-4633-4B22-AB2F-FF42901C6438}.Release|Any CPU.ActiveCfg = Release|Any CPU
		{18DFC311-4633-4B22-AB2F-FF42901C6438}.Release|Any CPU.Build.0 = Release|Any CPU
		{8823091C-387F-4F4D-ABCD-8F71D1528CBB}.Debug|Any CPU.ActiveCfg = Debug|Any CPU
		{8823091C-387F-4F4D-ABCD-8F71D1528CBB}.Debug|Any CPU.Build.0 = Debug|Any CPU
		{8823091C-387F-4F4D-ABCD-8F71D1528CBB}.Release|Any CPU.ActiveCfg = Release|Any CPU
		{8823091C-387F-4F4D-ABCD-8F71D1528CBB}.Release|Any CPU.Build.0 = Release|Any CPU
		{C0ED19A4-1362-49E4-9721-AAFCF012710A}.Debug|Any CPU.ActiveCfg = Debug|Any CPU
		{C0ED19A4-1362-49E4-9721-AAFCF012710A}.Debug|Any CPU.Build.0 = Debug|Any CPU
		{C0ED19A4-1362-49E4-9721-AAFCF012710A}.Release|Any CPU.ActiveCfg = Release|Any CPU
		{C0ED19A4-1362-49E4-9721-AAFCF012710A}.Release|Any CPU.Build.0 = Release|Any CPU
		{9B6C1FB4-3F1B-43AC-A0E0-EAED4088BF37}.Debug|Any CPU.ActiveCfg = Debug|Any CPU
		{9B6C1FB4-3F1B-43AC-A0E0-EAED4088BF37}.Debug|Any CPU.Build.0 = Debug|Any CPU
		{9B6C1FB4-3F1B-43AC-A0E0-EAED4088BF37}.Release|Any CPU.ActiveCfg = Release|Any CPU
		{9B6C1FB4-3F1B-43AC-A0E0-EAED4088BF37}.Release|Any CPU.Build.0 = Release|Any CPU
	EndGlobalSection
	GlobalSection(SolutionProperties) = preSolution
		HideSolutionNode = FALSE
	EndGlobalSection
	GlobalSection(NestedProjects) = preSolution
		{18DFC311-4633-4B22-AB2F-FF42901C6438} = {9CC25B95-7099-4C11-BAA7-FB9B50E7E899}
		{8823091C-387F-4F4D-ABCD-8F71D1528CBB} = {9CC25B95-7099-4C11-BAA7-FB9B50E7E899}
		{9B6C1FB4-3F1B-43AC-A0E0-EAED4088BF37} = {9CC25B95-7099-4C11-BAA7-FB9B50E7E899}
	EndGlobalSection
EndGlobal
